
Microsoft Visual Studio Solution File, Format Version 12.00
# Visual Studio Version 16
VisualStudioVersion = 16.0.28803.156
MinimumVisualStudioVersion = 10.0.40219.1
Project("{F184B08F-C81C-45F6-A57F-5ABD9991F28F}") = "Calculadora", "Calculadora\Calculadora.vbproj", "{4254F954-3986-43F1-9E4C-14425C3E6D41}"
EndProject
Global
	GlobalSection(SolutionConfigurationPlatforms) = preSolution
		Debug|Any CPU = Debug|Any CPU
		Release|Any CPU = Release|Any CPU
	EndGlobalSection
	GlobalSection(ProjectConfigurationPlatforms) = postSolution
		{4254F954-3986-43F1-9E4C-14425C3E6D41}.Debug|Any CPU.ActiveCfg = Debug|Any CPU
		{4254F954-3986-43F1-9E4C-14425C3E6D41}.Debug|Any CPU.Build.0 = Debug|Any CPU
		{4254F954-3986-43F1-9E4C-14425C3E6D41}.Release|Any CPU.ActiveCfg = Release|Any CPU
		{4254F954-3986-43F1-9E4C-14425C3E6D41}.Release|Any CPU.Build.0 = Release|Any CPU
	EndGlobalSection
	GlobalSection(SolutionProperties) = preSolution
		HideSolutionNode = FALSE
	EndGlobalSection
	GlobalSection(ExtensibilityGlobals) = postSolution
		SolutionGuid = {64D529B0-40EA-4A71-95ED-CAD1DF309705}
	EndGlobalSection
EndGlobal
